
Microsoft Visual Studio Solution File, Format Version 12.00
# Visual Studio 15
VisualStudioVersion = 15.0.28307.102
MinimumVisualStudioVersion = 10.0.40219.1
Project("{FAE04EC0-301F-11D3-BF4B-00C04F79EFBC}") = "AuthUserSample", "AuthUserSample\AuthUserSample.csproj", "{9B46A9B9-B2C1-44B3-B0BD-DB6EA8768B10}"
EndProject
Global
	GlobalSection(SolutionConfigurationPlatforms) = preSolution
		Debug|Any CPU = Debug|Any CPU
		Release|Any CPU = Release|Any CPU
	EndGlobalSection
	GlobalSection(ProjectConfigurationPlatforms) = postSolution
		{9B46A9B9-B2C1-44B3-B0BD-DB6EA8768B10}.Debug|Any CPU.ActiveCfg = Debug|Any CPU
		{9B46A9B9-B2C1-44B3-B0BD-DB6EA8768B10}.Debug|Any CPU.Build.0 = Debug|Any CPU
		{9B46A9B9-B2C1-44B3-B0BD-DB6EA8768B10}.Release|Any CPU.ActiveCfg = Release|Any CPU
		{9B46A9B9-B2C1-44B3-B0BD-DB6EA8768B10}.Release|Any CPU.Build.0 = Release|Any CPU
	EndGlobalSection
	GlobalSection(SolutionProperties) = preSolution
		HideSolutionNode = FALSE
	EndGlobalSection
	GlobalSection(ExtensibilityGlobals) = postSolution
		SolutionGuid = {3C11CE5F-BF33-4CB0-975F-8AE650D24802}
	EndGlobalSection
EndGlobal
